
Microsoft Visual Studio Solution File, Format Version 12.00
# Visual Studio Version 17
VisualStudioVersion = 17.13.35919.96 d17.13
MinimumVisualStudioVersion = 10.0.40219.1
Project("{FAE04EC0-301F-11D3-BF4B-00C04F79EFBC}") = "Medical Team B", "Medical Team B\Medical Team B.csproj", "{247719AD-BBF7-45BF-9D79-D38FAAC6DDDE}"
EndProject
Global
	GlobalSection(SolutionConfigurationPlatforms) = preSolution
		Debug|Any CPU = Debug|Any CPU
		Release|Any CPU = Release|Any CPU
	EndGlobalSection
	GlobalSection(ProjectConfigurationPlatforms) = postSolution
		{247719AD-BBF7-45BF-9D79-D38FAAC6DDDE}.Debug|Any CPU.ActiveCfg = Debug|Any CPU
		{247719AD-BBF7-45BF-9D79-D38FAAC6DDDE}.Debug|Any CPU.Build.0 = Debug|Any CPU
		{247719AD-BBF7-45BF-9D79-D38FAAC6DDDE}.Release|Any CPU.ActiveCfg = Release|Any CPU
		{247719AD-BBF7-45BF-9D79-D38FAAC6DDDE}.Release|Any CPU.Build.0 = Release|Any CPU
	EndGlobalSection
	GlobalSection(SolutionProperties) = preSolution
		HideSolutionNode = FALSE
	EndGlobalSection
	GlobalSection(ExtensibilityGlobals) = postSolution
		SolutionGuid = {4FBD41A9-34BA-47A5-A99A-25B20380197D}
	EndGlobalSection
EndGlobal
